
Microsoft Visual Studio Solution File, Format Version 12.00
# Visual Studio Version 17
VisualStudioVersion = 17.12.35527.113
MinimumVisualStudioVersion = 10.0.40219.1
Project("{FAE04EC0-301F-11D3-BF4B-00C04F79EFBC}") = "TransactionViewer", "TransactionViewer\TransactionViewer.csproj", "{A56BE2AA-B21F-400F-9895-E27507C717C5}"
EndProject
Global
	GlobalSection(SolutionConfigurationPlatforms) = preSolution
		Debug|Any CPU = Debug|Any CPU
		Release|Any CPU = Release|Any CPU
	EndGlobalSection
	GlobalSection(ProjectConfigurationPlatforms) = postSolution
		{A56BE2AA-B21F-400F-9895-E27507C717C5}.Debug|Any CPU.ActiveCfg = Debug|Any CPU
		{A56BE2AA-B21F-400F-9895-E27507C717C5}.Debug|Any CPU.Build.0 = Debug|Any CPU
		{A56BE2AA-B21F-400F-9895-E27507C717C5}.Release|Any CPU.ActiveCfg = Release|Any CPU
		{A56BE2AA-B21F-400F-9895-E27507C717C5}.Release|Any CPU.Build.0 = Release|Any CPU
	EndGlobalSection
	GlobalSection(SolutionProperties) = preSolution
		HideSolutionNode = FALSE
	EndGlobalSection
EndGlobal
